// !$*UTF8*$!
{
	archiveVersion = 1;
	classes = {
	};
	objectVersion = 56;
	objects = {

/* Begin PBXBuildFile section */
		04C8DF432BDB830E00BCD744 /* ValifyApp.swift in Sources */ = {isa = PBXBuildFile; fileRef = 04C8DF422BDB830E00BCD744 /* ValifyApp.swift */; };
		04C8DF452BDB830E00BCD744 /* ContentView.swift in Sources */ = {isa = PBXBuildFile; fileRef = 04C8DF442BDB830E00BCD744 /* ContentView.swift */; };
		04C8DF472BDB830E00BCD744 /* Item.swift in Sources */ = {isa = PBXBuildFile; fileRef = 04C8DF462BDB830E00BCD744 /* Item.swift */; };
		04C8DF492BDB830F00BCD744 /* Assets.xcassets in Resources */ = {isa = PBXBuildFile; fileRef = 04C8DF482BDB830F00BCD744 /* Assets.xcassets */; };
		04C8DF4C2BDB830F00BCD744 /* Preview Assets.xcassets in Resources */ = {isa = PBXBuildFile; fileRef = 04C8DF4B2BDB830F00BCD744 /* Preview Assets.xcassets */; };
		04C8DF562BDB830F00BCD744 /* ValifyTests.swift in Sources */ = {isa = PBXBuildFile; fileRef = 04C8DF552BDB830F00BCD744 /* ValifyTests.swift */; };
		04C8DF602BDB830F00BCD744 /* ValifyUITests.swift in Sources */ = {isa = PBXBuildFile; fileRef = 04C8DF5F2BDB830F00BCD744 /* ValifyUITests.swift */; };
		04C8DF622BDB830F00BCD744 /* ValifyUITestsLaunchTests.swift in Sources */ = {isa = PBXBuildFile; fileRef = 04C8DF612BDB830F00BCD744 /* ValifyUITestsLaunchTests.swift */; };
/* End PBXBuildFile section */

/* Begin PBXContainerItemProxy section */
		04C8DF522BDB830F00BCD744 /* PBXContainerItemProxy */ = {
			isa = PBXContainerItemProxy;
			containerPortal = 04C8DF372BDB830E00BCD744 /* Project object */;
			proxyType = 1;
			remoteGlobalIDString = 04C8DF3E2BDB830E00BCD744;
			remoteInfo = Valify;
		};
		04C8DF5C2BDB830F00BCD744 /* PBXContainerItemProxy */ = {
			isa = PBXContainerItemProxy;
			containerPortal = 04C8DF372BDB830E00BCD744 /* Project object */;
			proxyType = 1;
			remoteGlobalIDString = 04C8DF3E2BDB830E00BCD744;
			remoteInfo = Valify;
		};
/* End PBXContainerItemProxy section */

/* Begin PBXFileReference section */
		04C8DF3F2BDB830E00BCD744 /* Valify.app */ = {isa = PBXFileReference; explicitFileType = wrapper.application; includeInIndex = 0; path = Valify.app; sourceTree = BUILT_PRODUCTS_DIR; };
		04C8DF422BDB830E00BCD744 /* ValifyApp.swift */ = {isa = PBXFileReference; lastKnownFileType = sourcecode.swift; path = ValifyApp.swift; sourceTree = "<group>"; };
		04C8DF442BDB830E00BCD744 /* ContentView.swift */ = {isa = PBXFileReference; lastKnownFileType = sourcecode.swift; path = ContentView.swift; sourceTree = "<group>"; };
		04C8DF462BDB830E00BCD744 /* Item.swift */ = {isa = PBXFileReference; lastKnownFileType = sourcecode.swift; path = Item.swift; sourceTree = "<group>"; };
		04C8DF482BDB830F00BCD744 /* Assets.xcassets */ = {isa = PBXFileReference; lastKnownFileType = folder.assetcatalog; path = Assets.xcassets; sourceTree = "<group>"; };
		04C8DF4B2BDB830F00BCD744 /* Preview Assets.xcassets */ = {isa = PBXFileReference; lastKnownFileType = folder.assetcatalog; path = "Preview Assets.xcassets"; sourceTree = "<group>"; };
		04C8DF512BDB830F00BCD744 /* ValifyTests.xctest */ = {isa = PBXFileReference; explicitFileType = wrapper.cfbundle; includeInIndex = 0; path = ValifyTests.xctest; sourceTree = BUILT_PRODUCTS_DIR; };
		04C8DF552BDB830F00BCD744 /* ValifyTests.swift */ = {isa = PBXFileReference; lastKnownFileType = sourcecode.swift; path = ValifyTests.swift; sourceTree = "<group>"; };
		04C8DF5B2BDB830F00BCD744 /* ValifyUITests.xctest */ = {isa = PBXFileReference; explicitFileType = wrapper.cfbundle; includeInIndex = 0; path = ValifyUITests.xctest; sourceTree = BUILT_PRODUCTS_DIR; };
		04C8DF5F2BDB830F00BCD744 /* ValifyUITests.swift */ = {isa = PBXFileReference; lastKnownFileType = sourcecode.swift; path = ValifyUITests.swift; sourceTree = "<group>"; };
		04C8DF612BDB830F00BCD744 /* ValifyUITestsLaunchTests.swift */ = {isa = PBXFileReference; lastKnownFileType = sourcecode.swift; path = ValifyUITestsLaunchTests.swift; sourceTree = "<group>"; };
/* End PBXFileReference section */

/* Begin PBXFrameworksBuildPhase section */
		04C8DF3C2BDB830E00BCD744 /* Frameworks */ = {
			isa = PBXFrameworksBuildPhase;
			buildActionMask = 2147483647;
			files = (
			);
			runOnlyForDeploymentPostprocessing = 0;
		};
		04C8DF4E2BDB830F00BCD744 /* Frameworks */ = {
			isa = PBXFrameworksBuildPhase;
			buildActionMask = 2147483647;
			files = (
			);
			runOnlyForDeploymentPostprocessing = 0;
		};
		04C8DF582BDB830F00BCD744 /* Frameworks */ = {
			isa = PBXFrameworksBuildPhase;
			buildActionMask = 2147483647;
			files = (
			);
			runOnlyForDeploymentPostprocessing = 0;
		};
/* End PBXFrameworksBuildPhase section */

/* Begin PBXGroup section */
		04C8DF362BDB830E00BCD744 = {
			isa = PBXGroup;
			children = (
				04C8DF412BDB830E00BCD744 /* Valify */,
				04C8DF542BDB830F00BCD744 /* ValifyTests */,
				04C8DF5E2BDB830F00BCD744 /* ValifyUITests */,
				04C8DF402BDB830E00BCD744 /* Products */,
			);
			sourceTree = "<group>";
		};
		04C8DF402BDB830E00BCD744 /* Products */ = {
			isa = PBXGroup;
			children = (
				04C8DF3F2BDB830E00BCD744 /* Valify.app */,
				04C8DF512BDB830F00BCD744 /* ValifyTests.xctest */,
				04C8DF5B2BDB830F00BCD744 /* ValifyUITests.xctest */,
			);
			name = Products;
			sourceTree = "<group>";
		};
		04C8DF412BDB830E00BCD744 /* Valify */ = {
			isa = PBXGroup;
			children = (
				04C8DF422BDB830E00BCD744 /* ValifyApp.swift */,
				04C8DF442BDB830E00BCD744 /* ContentView.swift */,
				04C8DF462BDB830E00BCD744 /* Item.swift */,
				04C8DF482BDB830F00BCD744 /* Assets.xcassets */,
				04C8DF4A2BDB830F00BCD744 /* Preview Content */,
			);
			path = Valify;
			sourceTree = "<group>";
		};
		04C8DF4A2BDB830F00BCD744 /* Preview Content */ = {
			isa = PBXGroup;
			children = (
				04C8DF4B2BDB830F00BCD744 /* Preview Assets.xcassets */,
			);
			path = "Preview Content";
			sourceTree = "<group>";
		};
		04C8DF542BDB830F00BCD744 /* ValifyTests */ = {
			isa = PBXGroup;
			children = (
				04C8DF552BDB830F00BCD744 /* ValifyTests.swift */,
			);
			path = ValifyTests;
			sourceTree = "<group>";
		};
		04C8DF5E2BDB830F00BCD744 /* ValifyUITests */ = {
			isa = PBXGroup;
			children = (
				04C8DF5F2BDB830F00BCD744 /* ValifyUITests.swift */,
				04C8DF612BDB830F00BCD744 /* ValifyUITestsLaunchTests.swift */,
			);
			path = ValifyUITests;
			sourceTree = "<group>";
		};
/* End PBXGroup section */

/* Begin PBXNativeTarget section */
		04C8DF3E2BDB830E00BCD744 /* Valify */ = {
			isa = PBXNativeTarget;
			buildConfigurationList = 04C8DF652BDB830F00BCD744 /* Build configuration list for PBXNativeTarget "Valify" */;
			buildPhases = (
				04C8DF3B2BDB830E00BCD744 /* Sources */,
				04C8DF3C2BDB830E00BCD744 /* Frameworks */,
				04C8DF3D2BDB830E00BCD744 /* Resources */,
			);
			buildRules = (
			);
			dependencies = (
			);
			name = Valify;
			productName = Valify;
			productReference = 04C8DF3F2BDB830E00BCD744 /* Valify.app */;
			productType = "com.apple.product-type.application";
		};
		04C8DF502BDB830F00BCD744 /* ValifyTests */ = {
			isa = PBXNativeTarget;
			buildConfigurationList = 04C8DF682BDB830F00BCD744 /* Build configuration list for PBXNativeTarget "ValifyTests" */;
			buildPhases = (
				04C8DF4D2BDB830F00BCD744 /* Sources */,
				04C8DF4E2BDB830F00BCD744 /* Frameworks */,
				04C8DF4F2BDB830F00BCD744 /* Resources */,
			);
			buildRules = (
			);
			dependencies = (
				04C8DF532BDB830F00BCD744 /* PBXTargetDependency */,
			);
			name = ValifyTests;
			productName = ValifyTests;
			productReference = 04C8DF512BDB830F00BCD744 /* ValifyTests.xctest */;
			productType = "com.apple.product-type.bundle.unit-test";
		};
		04C8DF5A2BDB830F00BCD744 /* ValifyUITests */ = {
			isa = PBXNativeTarget;
			buildConfigurationList = 04C8DF6B2BDB830F00BCD744 /* Build configuration list for PBXNativeTarget "ValifyUITests" */;
			buildPhases = (
				04C8DF572BDB830F00BCD744 /* Sources */,
				04C8DF582BDB830F00BCD744 /* Frameworks */,
				04C8DF592BDB830F00BCD744 /* Resources */,
			);
			buildRules = (
			);
			dependencies = (
				04C8DF5D2BDB830F00BCD744 /* PBXTargetDependency */,
			);
			name = ValifyUITests;
			productName = ValifyUITests;
			productReference = 04C8DF5B2BDB830F00BCD744 /* ValifyUITests.xctest */;
			productType = "com.apple.product-type.bundle.ui-testing";
		};
/* End PBXNativeTarget section */

/* Begin PBXProject section */
		04C8DF372BDB830E00BCD744 /* Project object */ = {
			isa = PBXProject;
			attributes = {
				BuildIndependentTargetsInParallel = 1;
				LastSwiftUpdateCheck = 1530;
				LastUpgradeCheck = 1530;
				TargetAttributes = {
					04C8DF3E2BDB830E00BCD744 = {
						CreatedOnToolsVersion = 15.3;
					};
					04C8DF502BDB830F00BCD744 = {
						CreatedOnToolsVersion = 15.3;
						TestTargetID = 04C8DF3E2BDB830E00BCD744;
					};
					04C8DF5A2BDB830F00BCD744 = {
						CreatedOnToolsVersion = 15.3;
						TestTargetID = 04C8DF3E2BDB830E00BCD744;
					};
				};
			};
			buildConfigurationList = 04C8DF3A2BDB830E00BCD744 /* Build configuration list for PBXProject "Valify" */;
			compatibilityVersion = "Xcode 14.0";
			developmentRegion = en;
			hasScannedForEncodings = 0;
			knownRegions = (
				en,
				Base,
			);
			mainGroup = 04C8DF362BDB830E00BCD744;
			productRefGroup = 04C8DF402BDB830E00BCD744 /* Products */;
			projectDirPath = "";
			projectRoot = "";
			targets = (
				04C8DF3E2BDB830E00BCD744 /* Valify */,
				04C8DF502BDB830F00BCD744 /* ValifyTests */,
				04C8DF5A2BDB830F00BCD744 /* ValifyUITests */,
			);
		};
/* End PBXProject section */

/* Begin PBXResourcesBuildPhase section */
		04C8DF3D2BDB830E00BCD744 /* Resources */ = {
			isa = PBXResourcesBuildPhase;
			buildActionMask = 2147483647;
			files = (
				04C8DF4C2BDB830F00BCD744 /* Preview Assets.xcassets in Resources */,
				04C8DF492BDB830F00BCD744 /* Assets.xcassets in Resources */,
			);
			runOnlyForDeploymentPostprocessing = 0;
		};
		04C8DF4F2BDB830F00BCD744 /* Resources */ = {
			isa = PBXResourcesBuildPhase;
			buildActionMask = 2147483647;
			files = (
			);
			runOnlyForDeploymentPostprocessing = 0;
		};
		04C8DF592BDB830F00BCD744 /* Resources */ = {
			isa = PBXResourcesBuildPhase;
			buildActionMask = 2147483647;
			files = (
			);
			runOnlyForDeploymentPostprocessing = 0;
		};
/* End PBXResourcesBuildPhase section */

/* Begin PBXSourcesBuildPhase section */
		04C8DF3B2BDB830E00BCD744 /* Sources */ = {
			isa = PBXSourcesBuildPhase;
			buildActionMask = 2147483647;
			files = (
				04C8DF452BDB830E00BCD744 /* ContentView.swift in Sources */,
				04C8DF472BDB830E00BCD744 /* Item.swift in Sources */,
				04C8DF432BDB830E00BCD744 /* ValifyApp.swift in Sources */,
			);
			runOnlyForDeploymentPostprocessing = 0;
		};
		04C8DF4D2BDB830F00BCD744 /* Sources */ = {
			isa = PBXSourcesBuildPhase;
			buildActionMask = 2147483647;
			files = (
				04C8DF562BDB830F00BCD744 /* ValifyTests.swift in Sources */,
			);
			runOnlyForDeploymentPostprocessing = 0;
		};
		04C8DF572BDB830F00BCD744 /* Sources */ = {
			isa = PBXSourcesBuildPhase;
			buildActionMask = 2147483647;
			files = (
				04C8DF602BDB830F00BCD744 /* ValifyUITests.swift in Sources */,
				04C8DF622BDB830F00BCD744 /* ValifyUITestsLaunchTests.swift in Sources */,
			);
			runOnlyForDeploymentPostprocessing = 0;
		};
/* End PBXSourcesBuildPhase section */

/* Begin PBXTargetDependency section */
		04C8DF532BDB830F00BCD744 /* PBXTargetDependency */ = {
			isa = PBXTargetDependency;
			target = 04C8DF3E2BDB830E00BCD744 /* Valify */;
			targetProxy = 04C8DF522BDB830F00BCD744 /* PBXContainerItemProxy */;
		};
		04C8DF5D2BDB830F00BCD744 /* PBXTargetDependency */ = {
			isa = PBXTargetDependency;
			target = 04C8DF3E2BDB830E00BCD744 /* Valify */;
			targetProxy = 04C8DF5C2BDB830F00BCD744 /* PBXContainerItemProxy */;
		};
/* End PBXTargetDependency section */

/* Begin XCBuildConfiguration section */
		04C8DF632BDB830F00BCD744 /* Debug */ = {
			isa = XCBuildConfiguration;
			buildSettings = {
				ALWAYS_SEARCH_USER_PATHS = NO;
				ASSETCATALOG_COMPILER_GENERATE_SWIFT_ASSET_SYMBOL_EXTENSIONS = YES;
				CLANG_ANALYZER_NONNULL = YES;
				CLANG_ANALYZER_NUMBER_OBJECT_CONVERSION = YES_AGGRESSIVE;
				CLANG_CXX_LANGUAGE_STANDARD = "gnu++20";
				CLANG_ENABLE_MODULES = YES;
				CLANG_ENABLE_OBJC_ARC = YES;
				CLANG_ENABLE_OBJC_WEAK = YES;
				CLANG_WARN_BLOCK_CAPTURE_AUTORELEASING = YES;
				CLANG_WARN_BOOL_CONVERSION = YES;
				CLANG_WARN_COMMA = YES;
				CLANG_WARN_CONSTANT_CONVERSION = YES;
				CLANG_WARN_DEPRECATED_OBJC_IMPLEMENTATIONS = YES;
				CLANG_WARN_DIRECT_OBJC_ISA_USAGE = YES_ERROR;
				CLANG_WARN_DOCUMENTATION_COMMENTS = YES;
				CLANG_WARN_EMPTY_BODY = YES;
				CLANG_WARN_ENUM_CONVERSION = YES;
				CLANG_WARN_INFINITE_RECURSION = YES;
				CLANG_WARN_INT_CONVERSION = YES;
				CLANG_WARN_NON_LITERAL_NULL_CONVERSION = YES;
				CLANG_WARN_OBJC_IMPLICIT_RETAIN_SELF = YES;
				CLANG_WARN_OBJC_LITERAL_CONVERSION = YES;
				CLANG_WARN_OBJC_ROOT_CLASS = YES_ERROR;
				CLANG_WARN_QUOTED_INCLUDE_IN_FRAMEWORK_HEADER = YES;
				CLANG_WARN_RANGE_LOOP_ANALYSIS = YES;
				CLANG_WARN_STRICT_PROTOTYPES = YES;
				CLANG_WARN_SUSPICIOUS_MOVE = YES;
				CLANG_WARN_UNGUARDED_AVAILABILITY = YES_AGGRESSIVE;
				CLANG_WARN_UNREACHABLE_CODE = YES;
				CLANG_WARN__DUPLICATE_METHOD_MATCH = YES;
				COPY_PHASE_STRIP = NO;
				DEBUG_INFORMATION_FORMAT = dwarf;
				ENABLE_STRICT_OBJC_MSGSEND = YES;
				ENABLE_TESTABILITY = YES;
				ENABLE_USER_SCRIPT_SANDBOXING = YES;
				GCC_C_LANGUAGE_STANDARD = gnu17;
				GCC_DYNAMIC_NO_PIC = NO;
				GCC_NO_COMMON_BLOCKS = YES;
				GCC_OPTIMIZATION_LEVEL = 0;
				GCC_PREPROCESSOR_DEFINITIONS = (
					"DEBUG=1",
					"$(inherited)",
				);
				GCC_WARN_64_TO_32_BIT_CONVERSION = YES;
				GCC_WARN_ABOUT_RETURN_TYPE = YES_ERROR;
				GCC_WARN_UNDECLARED_SELECTOR = YES;
				GCC_WARN_UNINITIALIZED_AUTOS = YES_AGGRESSIVE;
				GCC_WARN_UNUSED_FUNCTION = YES;
				GCC_WARN_UNUSED_VARIABLE = YES;
				IPHONEOS_DEPLOYMENT_TARGET = 17.4;
				LOCALIZATION_PREFERS_STRING_CATALOGS = YES;
				MTL_ENABLE_DEBUG_INFO = INCLUDE_SOURCE;
				MTL_FAST_MATH = YES;
				ONLY_ACTIVE_ARCH = YES;
				SDKROOT = iphoneos;
				SWIFT_ACTIVE_COMPILATION_CONDITIONS = "DEBUG $(inherited)";
				SWIFT_OPTIMIZATION_LEVEL = "-Onone";
			};
			name = Debug;
		};
		04C8DF642BDB830F00BCD744 /* Release */ = {
			isa = XCBuildConfiguration;
			buildSettings = {
				ALWAYS_SEARCH_USER_PATHS = NO;
				ASSETCATALOG_COMPILER_GENERATE_SWIFT_ASSET_SYMBOL_EXTENSIONS = YES;
				CLANG_ANALYZER_NONNULL = YES;
				CLANG_ANALYZER_NUMBER_OBJECT_CONVERSION = YES_AGGRESSIVE;
				CLANG_CXX_LANGUAGE_STANDARD = "gnu++20";
				CLANG_ENABLE_MODULES = YES;
				CLANG_ENABLE_OBJC_ARC = YES;
				CLANG_ENABLE_OBJC_WEAK = YES;
				CLANG_WARN_BLOCK_CAPTURE_AUTORELEASING = YES;
				CLANG_WARN_BOOL_CONVERSION = YES;
				CLANG_WARN_COMMA = YES;
				CLANG_WARN_CONSTANT_CONVERSION = YES;
				CLANG_WARN_DEPRECATED_OBJC_IMPLEMENTATIONS = YES;
				CLANG_WARN_DIRECT_OBJC_ISA_USAGE = YES_ERROR;
				CLANG_WARN_DOCUMENTATION_COMMENTS = YES;
				CLANG_WARN_EMPTY_BODY = YES;
				CLANG_WARN_ENUM_CONVERSION = YES;
				CLANG_WARN_INFINITE_RECURSION = YES;
				CLANG_WARN_INT_CONVERSION = YES;
				CLANG_WARN_NON_LITERAL_NULL_CONVERSION = YES;
				CLANG_WARN_OBJC_IMPLICIT_RETAIN_SELF = YES;
				CLANG_WARN_OBJC_LITERAL_CONVERSION = YES;
				CLANG_WARN_OBJC_ROOT_CLASS = YES_ERROR;
				CLANG_WARN_QUOTED_INCLUDE_IN_FRAMEWORK_HEADER = YES;
				CLANG_WARN_RANGE_LOOP_ANALYSIS = YES;
				CLANG_WARN_STRICT_PROTOTYPES = YES;
				CLANG_WARN_SUSPICIOUS_MOVE = YES;
				CLANG_WARN_UNGUARDED_AVAILABILITY = YES_AGGRESSIVE;
				CLANG_WARN_UNREACHABLE_CODE = YES;
				CLANG_WARN__DUPLICATE_METHOD_MATCH = YES;
				COPY_PHASE_STRIP = NO;
				DEBUG_INFORMATION_FORMAT = "dwarf-with-dsym";
				ENABLE_NS_ASSERTIONS = NO;
				ENABLE_STRICT_OBJC_MSGSEND = YES;
				ENABLE_USER_SCRIPT_SANDBOXING = YES;
				GCC_C_LANGUAGE_STANDARD = gnu17;
				GCC_NO_COMMON_BLOCKS = YES;
				GCC_WARN_64_TO_32_BIT_CONVERSION = YES;
				GCC_WARN_ABOUT_RETURN_TYPE = YES_ERROR;
				GCC_WARN_UNDECLARED_SELECTOR = YES;
				GCC_WARN_UNINITIALIZED_AUTOS = YES_AGGRESSIVE;
				GCC_WARN_UNUSED_FUNCTION = YES;
				GCC_WARN_UNUSED_VARIABLE = YES;
				IPHONEOS_DEPLOYMENT_TARGET = 17.4;
				LOCALIZATION_PREFERS_STRING_CATALOGS = YES;
				MTL_ENABLE_DEBUG_INFO = NO;
				MTL_FAST_MATH = YES;
				SDKROOT = iphoneos;
				SWIFT_COMPILATION_MODE = wholemodule;
				VALIDATE_PRODUCT = YES;
			};
			name = Release;
		};
		04C8DF662BDB830F00BCD744 /* Debug */ = {
			isa = XCBuildConfiguration;
			buildSettings = {
				ASSETCATALOG_COMPILER_APPICON_NAME = AppIcon;
				ASSETCATALOG_COMPILER_GLOBAL_ACCENT_COLOR_NAME = AccentColor;
				CODE_SIGN_STYLE = Automatic;
				CURRENT_PROJECT_VERSION = 1;
				DEVELOPMENT_ASSET_PATHS = "\"Valify/Preview Content\"";
				ENABLE_PREVIEWS = YES;
				GENERATE_INFOPLIST_FILE = YES;
				INFOPLIST_KEY_UIApplicationSceneManifest_Generation = YES;
				INFOPLIST_KEY_UIApplicationSupportsIndirectInputEvents = YES;
				INFOPLIST_KEY_UILaunchScreen_Generation = YES;
				INFOPLIST_KEY_UISupportedInterfaceOrientations_iPad = "UIInterfaceOrientationPortrait UIInterfaceOrientationPortraitUpsideDown UIInterfaceOrientationLandscapeLeft UIInterfaceOrientationLandscapeRight";
				INFOPLIST_KEY_UISupportedInterfaceOrientations_iPhone = "UIInterfaceOrientationPortrait UIInterfaceOrientationLandscapeLeft UIInterfaceOrientationLandscapeRight";
				LD_RUNPATH_SEARCH_PATHS = (
					"$(inherited)",
					"@executable_path/Frameworks",
				);
				MARKETING_VERSION = 1.0;
				PRODUCT_BUNDLE_IDENTIFIER = com.Valify;
				PRODUCT_NAME = "$(TARGET_NAME)";
				SWIFT_EMIT_LOC_STRINGS = YES;
				SWIFT_VERSION = 5.0;
				TARGETED_DEVICE_FAMILY = "1,2";
			};
			name = Debug;
		};
		04C8DF672BDB830F00BCD744 /* Release */ = {
			isa = XCBuildConfiguration;
			buildSettings = {
				ASSETCATALOG_COMPILER_APPICON_NAME = AppIcon;
				ASSETCATALOG_COMPILER_GLOBAL_ACCENT_COLOR_NAME = AccentColor;
				CODE_SIGN_STYLE = Automatic;
				CURRENT_PROJECT_VERSION = 1;
				DEVELOPMENT_ASSET_PATHS = "\"Valify/Preview Content\"";
				ENABLE_PREVIEWS = YES;
				GENERATE_INFOPLIST_FILE = YES;
				INFOPLIST_KEY_UIApplicationSceneManifest_Generation = YES;
				INFOPLIST_KEY_UIApplicationSupportsIndirectInputEvents = YES;
				INFOPLIST_KEY_UILaunchScreen_Generation = YES;
				INFOPLIST_KEY_UISupportedInterfaceOrientations_iPad = "UIInterfaceOrientationPortrait UIInterfaceOrientationPortraitUpsideDown UIInterfaceOrientationLandscapeLeft UIInterfaceOrientationLandscapeRight";
				INFOPLIST_KEY_UISupportedInterfaceOrientations_iPhone = "UIInterfaceOrientationPortrait UIInterfaceOrientationLandscapeLeft UIInterfaceOrientationLandscapeRight";
				LD_RUNPATH_SEARCH_PATHS = (
					"$(inherited)",
					"@executable_path/Frameworks",
				);
				MARKETING_VERSION = 1.0;
				PRODUCT_BUNDLE_IDENTIFIER = com.Valify;
				PRODUCT_NAME = "$(TARGET_NAME)";
				SWIFT_EMIT_LOC_STRINGS = YES;
				SWIFT_VERSION = 5.0;
				TARGETED_DEVICE_FAMILY = "1,2";
			};
			name = Release;
		};
		04C8DF692BDB830F00BCD744 /* Debug */ = {
			isa = XCBuildConfiguration;
			buildSettings = {
				ALWAYS_EMBED_SWIFT_STANDARD_LIBRARIES = YES;
				BUNDLE_LOADER = "$(TEST_HOST)";
				CODE_SIGN_STYLE = Automatic;
				CURRENT_PROJECT_VERSION = 1;
				GENERATE_INFOPLIST_FILE = YES;
				IPHONEOS_DEPLOYMENT_TARGET = 17.4;
				MARKETING_VERSION = 1.0;
				PRODUCT_BUNDLE_IDENTIFIER = com.ValifyTests;
				PRODUCT_NAME = "$(TARGET_NAME)";
				SWIFT_EMIT_LOC_STRINGS = NO;
				SWIFT_VERSION = 5.0;
				TARGETED_DEVICE_FAMILY = "1,2";
				TEST_HOST = "$(BUILT_PRODUCTS_DIR)/Valify.app/$(BUNDLE_EXECUTABLE_FOLDER_PATH)/Valify";
			};
			name = Debug;
		};
		04C8DF6A2BDB830F00BCD744 /* Release */ = {
			isa = XCBuildConfiguration;
			buildSettings = {
				ALWAYS_EMBED_SWIFT_STANDARD_LIBRARIES = YES;
				BUNDLE_LOADER = "$(TEST_HOST)";
				CODE_SIGN_STYLE = Automatic;
				CURRENT_PROJECT_VERSION = 1;
				GENERATE_INFOPLIST_FILE = YES;
				IPHONEOS_DEPLOYMENT_TARGET = 17.4;
				MARKETING_VERSION = 1.0;
				PRODUCT_BUNDLE_IDENTIFIER = com.ValifyTests;
				PRODUCT_NAME = "$(TARGET_NAME)";
				SWIFT_EMIT_LOC_STRINGS = NO;
				SWIFT_VERSION = 5.0;
				TARGETED_DEVICE_FAMILY = "1,2";
				TEST_HOST = "$(BUILT_PRODUCTS_DIR)/Valify.app/$(BUNDLE_EXECUTABLE_FOLDER_PATH)/Valify";
			};
			name = Release;
		};
		04C8DF6C2BDB830F00BCD744 /* Debug */ = {
			isa = XCBuildConfiguration;
			buildSettings = {
				ALWAYS_EMBED_SWIFT_STANDARD_LIBRARIES = YES;
				CODE_SIGN_STYLE = Automatic;
				CURRENT_PROJECT_VERSION = 1;
				GENERATE_INFOPLIST_FILE = YES;
				MARKETING_VERSION = 1.0;
				PRODUCT_BUNDLE_IDENTIFIER = com.ValifyUITests;
				PRODUCT_NAME = "$(TARGET_NAME)";
				SWIFT_EMIT_LOC_STRINGS = NO;
				SWIFT_VERSION = 5.0;
				TARGETED_DEVICE_FAMILY = "1,2";
				TEST_TARGET_NAME = Valify;
			};
			name = Debug;
		};
		04C8DF6D2BDB830F00BCD744 /* Release */ = {
			isa = XCBuildConfiguration;
			buildSettings = {
				ALWAYS_EMBED_SWIFT_STANDARD_LIBRARIES = YES;
				CODE_SIGN_STYLE = Automatic;
				CURRENT_PROJECT_VERSION = 1;
				GENERATE_INFOPLIST_FILE = YES;
				MARKETING_VERSION = 1.0;
				PRODUCT_BUNDLE_IDENTIFIER = com.ValifyUITests;
				PRODUCT_NAME = "$(TARGET_NAME)";
				SWIFT_EMIT_LOC_STRINGS = NO;
				SWIFT_VERSION = 5.0;
				TARGETED_DEVICE_FAMILY = "1,2";
				TEST_TARGET_NAME = Valify;
			};
			name = Release;
		};
/* End XCBuildConfiguration section */

/* Begin XCConfigurationList section */
		04C8DF3A2BDB830E00BCD744 /* Build configuration list for PBXProject "Valify" */ = {
			isa = XCConfigurationList;
			buildConfigurations = (
				04C8DF632BDB830F00BCD744 /* Debug */,
				04C8DF642BDB830F00BCD744 /* Release */,
			);
			defaultConfigurationIsVisible = 0;
			defaultConfigurationName = Release;
		};
		04C8DF652BDB830F00BCD744 /* Build configuration list for PBXNativeTarget "Valify" */ = {
			isa = XCConfigurationList;
			buildConfigurations = (
				04C8DF662BDB830F00BCD744 /* Debug */,
				04C8DF672BDB830F00BCD744 /* Release */,
			);
			defaultConfigurationIsVisible = 0;
			defaultConfigurationName = Release;
		};
		04C8DF682BDB830F00BCD744 /* Build configuration list for PBXNativeTarget "ValifyTests" */ = {
			isa = XCConfigurationList;
			buildConfigurations = (
				04C8DF692BDB830F00BCD744 /* Debug */,
				04C8DF6A2BDB830F00BCD744 /* Release */,
			);
			defaultConfigurationIsVisible = 0;
			defaultConfigurationName = Release;
		};
		04C8DF6B2BDB830F00BCD744 /* Build configuration list for PBXNativeTarget "ValifyUITests" */ = {
			isa = XCConfigurationList;
			buildConfigurations = (
				04C8DF6C2BDB830F00BCD744 /* Debug */,
				04C8DF6D2BDB830F00BCD744 /* Release */,
			);
			defaultConfigurationIsVisible = 0;
			defaultConfigurationName = Release;
		};
/* End XCConfigurationList section */
	};
	rootObject = 04C8DF372BDB830E00BCD744 /* Project object */;
}
